
Microsoft Visual Studio Solution File, Format Version 12.00
# Visual Studio Version 16
VisualStudioVersion = 16.0.28922.388
MinimumVisualStudioVersion = 10.0.40219.1
Project("{9A19103F-16F7-4668-BE54-9A1E7A4F7556}") = "MyIListImplementation.Models", "MyIListImplementation.Models\MyIListImplementation.Models.csproj", "{7FA4FC7A-EA3C-4836-9E15-DE3346B157A9}"
EndProject
Project("{9A19103F-16F7-4668-BE54-9A1E7A4F7556}") = "MyIListImplementation.App", "MyIListImplementation.App\MyIListImplementation.App.csproj", "{AF089892-12FB-4F4D-87BC-80635A622739}"
EndProject
Project("{9A19103F-16F7-4668-BE54-9A1E7A4F7556}") = "MyIListImplementation.Tests", "MyIListImplementation.Tests\MyIListImplementation.Tests.csproj", "{67F5EB19-3E4B-4F03-A835-A95875B019E7}"
EndProject
Global
	GlobalSection(SolutionConfigurationPlatforms) = preSolution
		Debug|Any CPU = Debug|Any CPU
		Release|Any CPU = Release|Any CPU
	EndGlobalSection
	GlobalSection(ProjectConfigurationPlatforms) = postSolution
		{7FA4FC7A-EA3C-4836-9E15-DE3346B157A9}.Debug|Any CPU.ActiveCfg = Debug|Any CPU
		{7FA4FC7A-EA3C-4836-9E15-DE3346B157A9}.Debug|Any CPU.Build.0 = Debug|Any CPU
		{7FA4FC7A-EA3C-4836-9E15-DE3346B157A9}.Release|Any CPU.ActiveCfg = Release|Any CPU
		{7FA4FC7A-EA3C-4836-9E15-DE3346B157A9}.Release|Any CPU.Build.0 = Release|Any CPU
		{AF089892-12FB-4F4D-87BC-80635A622739}.Debug|Any CPU.ActiveCfg = Debug|Any CPU
		{AF089892-12FB-4F4D-87BC-80635A622739}.Debug|Any CPU.Build.0 = Debug|Any CPU
		{AF089892-12FB-4F4D-87BC-80635A622739}.Release|Any CPU.ActiveCfg = Release|Any CPU
		{AF089892-12FB-4F4D-87BC-80635A622739}.Release|Any CPU.Build.0 = Release|Any CPU
		{67F5EB19-3E4B-4F03-A835-A95875B019E7}.Debug|Any CPU.ActiveCfg = Debug|Any CPU
		{67F5EB19-3E4B-4F03-A835-A95875B019E7}.Debug|Any CPU.Build.0 = Debug|Any CPU
		{67F5EB19-3E4B-4F03-A835-A95875B019E7}.Release|Any CPU.ActiveCfg = Release|Any CPU
		{67F5EB19-3E4B-4F03-A835-A95875B019E7}.Release|Any CPU.Build.0 = Release|Any CPU
	EndGlobalSection
	GlobalSection(SolutionProperties) = preSolution
		HideSolutionNode = FALSE
	EndGlobalSection
	GlobalSection(ExtensibilityGlobals) = postSolution
		SolutionGuid = {7ABACF37-BFC7-49C7-9A99-40FDE94DEBCA}
	EndGlobalSection
EndGlobal
